
Microsoft Visual Studio Solution File, Format Version 12.00
# Visual Studio Version 16
VisualStudioVersion = 16.0.31321.278
MinimumVisualStudioVersion = 10.0.40219.1
Project("{FAE04EC0-301F-11D3-BF4B-00C04F79EFBC}") = "Практическое задание 12", "Практическое задание 12.csproj", "{5817C995-2D8D-4769-B47A-9622F7278FBD}"
EndProject
Global
	GlobalSection(SolutionConfigurationPlatforms) = preSolution
		Debug|Any CPU = Debug|Any CPU
		Release|Any CPU = Release|Any CPU
	EndGlobalSection
	GlobalSection(ProjectConfigurationPlatforms) = postSolution
		{5817C995-2D8D-4769-B47A-9622F7278FBD}.Debug|Any CPU.ActiveCfg = Debug|Any CPU
		{5817C995-2D8D-4769-B47A-9622F7278FBD}.Debug|Any CPU.Build.0 = Debug|Any CPU
		{5817C995-2D8D-4769-B47A-9622F7278FBD}.Release|Any CPU.ActiveCfg = Release|Any CPU
		{5817C995-2D8D-4769-B47A-9622F7278FBD}.Release|Any CPU.Build.0 = Release|Any CPU
	EndGlobalSection
	GlobalSection(SolutionProperties) = preSolution
		HideSolutionNode = FALSE
	EndGlobalSection
	GlobalSection(ExtensibilityGlobals) = postSolution
		SolutionGuid = {D0E6E909-2B58-475A-ADD9-1498239E96AD}
	EndGlobalSection
EndGlobal
